// !$*UTF8*$!
{
	archiveVersion = 1;
	classes = {
	};
	objectVersion = 48;
	objects = {

/* Begin PBXBuildFile section */
		381D3B522055FE0F005B2B4C /* User.swift in Sources */ = {isa = PBXBuildFile; fileRef = 381D3B512055FE0F005B2B4C /* User.swift */; };
		381D3B542055FE94005B2B4C /* RegistrationTableViewController.swift in Sources */ = {isa = PBXBuildFile; fileRef = 381D3B532055FE94005B2B4C /* RegistrationTableViewController.swift */; };
		38CB0337202B208C003C16AA /* AppDelegate.swift in Sources */ = {isa = PBXBuildFile; fileRef = 38CB0336202B208C003C16AA /* AppDelegate.swift */; };
		38CB033C202B208C003C16AA /* Main.storyboard in Resources */ = {isa = PBXBuildFile; fileRef = 38CB033A202B208C003C16AA /* Main.storyboard */; };
		38CB033E202B208C003C16AA /* Assets.xcassets in Resources */ = {isa = PBXBuildFile; fileRef = 38CB033D202B208C003C16AA /* Assets.xcassets */; };
		38CB0341202B208C003C16AA /* LaunchScreen.storyboard in Resources */ = {isa = PBXBuildFile; fileRef = 38CB033F202B208C003C16AA /* LaunchScreen.storyboard */; };
		38CB034C202B208C003C16AA /* MVVMTests.swift in Sources */ = {isa = PBXBuildFile; fileRef = 38CB034B202B208C003C16AA /* MVVMTests.swift */; };
		38CB0357202B208C003C16AA /* MVVMUITests.swift in Sources */ = {isa = PBXBuildFile; fileRef = 38CB0356202B208C003C16AA /* MVVMUITests.swift */; };
/* End PBXBuildFile section */

/* Begin PBXContainerItemProxy section */
		38CB0348202B208C003C16AA /* PBXContainerItemProxy */ = {
			isa = PBXContainerItemProxy;
			containerPortal = 38CB032B202B208C003C16AA /* Project object */;
			proxyType = 1;
			remoteGlobalIDString = 38CB0332202B208C003C16AA;
			remoteInfo = MVVM;
		};
		38CB0353202B208C003C16AA /* PBXContainerItemProxy */ = {
			isa = PBXContainerItemProxy;
			containerPortal = 38CB032B202B208C003C16AA /* Project object */;
			proxyType = 1;
			remoteGlobalIDString = 38CB0332202B208C003C16AA;
			remoteInfo = MVVM;
		};
/* End PBXContainerItemProxy section */

/* Begin PBXFileReference section */
		381D3B512055FE0F005B2B4C /* User.swift */ = {isa = PBXFileReference; lastKnownFileType = sourcecode.swift; path = User.swift; sourceTree = "<group>"; };
		381D3B532055FE94005B2B4C /* RegistrationTableViewController.swift */ = {isa = PBXFileReference; lastKnownFileType = sourcecode.swift; path = RegistrationTableViewController.swift; sourceTree = "<group>"; };
		38CB0333202B208C003C16AA /* MVVM.app */ = {isa = PBXFileReference; explicitFileType = wrapper.application; includeInIndex = 0; path = MVVM.app; sourceTree = BUILT_PRODUCTS_DIR; };
		38CB0336202B208C003C16AA /* AppDelegate.swift */ = {isa = PBXFileReference; lastKnownFileType = sourcecode.swift; path = AppDelegate.swift; sourceTree = "<group>"; };
		38CB033B202B208C003C16AA /* Base */ = {isa = PBXFileReference; lastKnownFileType = file.storyboard; name = Base; path = Base.lproj/Main.storyboard; sourceTree = "<group>"; };
		38CB033D202B208C003C16AA /* Assets.xcassets */ = {isa = PBXFileReference; lastKnownFileType = folder.assetcatalog; path = Assets.xcassets; sourceTree = "<group>"; };
		38CB0340202B208C003C16AA /* Base */ = {isa = PBXFileReference; lastKnownFileType = file.storyboard; name = Base; path = Base.lproj/LaunchScreen.storyboard; sourceTree = "<group>"; };
		38CB0342202B208C003C16AA /* Info.plist */ = {isa = PBXFileReference; lastKnownFileType = text.plist.xml; path = Info.plist; sourceTree = "<group>"; };
		38CB0347202B208C003C16AA /* MVVMTests.xctest */ = {isa = PBXFileReference; explicitFileType = wrapper.cfbundle; includeInIndex = 0; path = MVVMTests.xctest; sourceTree = BUILT_PRODUCTS_DIR; };
		38CB034B202B208C003C16AA /* MVVMTests.swift */ = {isa = PBXFileReference; lastKnownFileType = sourcecode.swift; path = MVVMTests.swift; sourceTree = "<group>"; };
		38CB034D202B208C003C16AA /* Info.plist */ = {isa = PBXFileReference; lastKnownFileType = text.plist.xml; path = Info.plist; sourceTree = "<group>"; };
		38CB0352202B208C003C16AA /* MVVMUITests.xctest */ = {isa = PBXFileReference; explicitFileType = wrapper.cfbundle; includeInIndex = 0; path = MVVMUITests.xctest; sourceTree = BUILT_PRODUCTS_DIR; };
		38CB0356202B208C003C16AA /* MVVMUITests.swift */ = {isa = PBXFileReference; lastKnownFileType = sourcecode.swift; path = MVVMUITests.swift; sourceTree = "<group>"; };
		38CB0358202B208C003C16AA /* Info.plist */ = {isa = PBXFileReference; lastKnownFileType = text.plist.xml; path = Info.plist; sourceTree = "<group>"; };
/* End PBXFileReference section */

/* Begin PBXFrameworksBuildPhase section */
		38CB0330202B208C003C16AA /* Frameworks */ = {
			isa = PBXFrameworksBuildPhase;
			buildActionMask = 2147483647;
			files = (
			);
			runOnlyForDeploymentPostprocessing = 0;
		};
		38CB0344202B208C003C16AA /* Frameworks */ = {
			isa = PBXFrameworksBuildPhase;
			buildActionMask = 2147483647;
			files = (
			);
			runOnlyForDeploymentPostprocessing = 0;
		};
		38CB034F202B208C003C16AA /* Frameworks */ = {
			isa = PBXFrameworksBuildPhase;
			buildActionMask = 2147483647;
			files = (
			);
			runOnlyForDeploymentPostprocessing = 0;
		};
/* End PBXFrameworksBuildPhase section */

/* Begin PBXGroup section */
		381D3B4E2055FD39005B2B4C /* Models */ = {
			isa = PBXGroup;
			children = (
				381D3B512055FE0F005B2B4C /* User.swift */,
			);
			path = Models;
			sourceTree = "<group>";
		};
		381D3B4F2055FD46005B2B4C /* Views */ = {
			isa = PBXGroup;
			children = (
				38CB033A202B208C003C16AA /* Main.storyboard */,
				38CB033F202B208C003C16AA /* LaunchScreen.storyboard */,
			);
			path = Views;
			sourceTree = "<group>";
		};
		381D3B502055FD4C005B2B4C /* View Models */ = {
			isa = PBXGroup;
			children = (
				381D3B532055FE94005B2B4C /* RegistrationTableViewController.swift */,
			);
			path = "View Models";
			sourceTree = "<group>";
		};
		38CB032A202B208C003C16AA = {
			isa = PBXGroup;
			children = (
				38CB0335202B208C003C16AA /* MVVM */,
				38CB034A202B208C003C16AA /* MVVMTests */,
				38CB0355202B208C003C16AA /* MVVMUITests */,
				38CB0334202B208C003C16AA /* Products */,
			);
			sourceTree = "<group>";
		};
		38CB0334202B208C003C16AA /* Products */ = {
			isa = PBXGroup;
			children = (
				38CB0333202B208C003C16AA /* MVVM.app */,
				38CB0347202B208C003C16AA /* MVVMTests.xctest */,
				38CB0352202B208C003C16AA /* MVVMUITests.xctest */,
			);
			name = Products;
			sourceTree = "<group>";
		};
		38CB0335202B208C003C16AA /* MVVM */ = {
			isa = PBXGroup;
			children = (
				381D3B502055FD4C005B2B4C /* View Models */,
				381D3B4F2055FD46005B2B4C /* Views */,
				381D3B4E2055FD39005B2B4C /* Models */,
				38CB0336202B208C003C16AA /* AppDelegate.swift */,
				38CB033D202B208C003C16AA /* Assets.xcassets */,
				38CB0342202B208C003C16AA /* Info.plist */,
			);
			path = MVVM;
			sourceTree = "<group>";
		};
		38CB034A202B208C003C16AA /* MVVMTests */ = {
			isa = PBXGroup;
			children = (
				38CB034B202B208C003C16AA /* MVVMTests.swift */,
				38CB034D202B208C003C16AA /* Info.plist */,
			);
			path = MVVMTests;
			sourceTree = "<group>";
		};
		38CB0355202B208C003C16AA /* MVVMUITests */ = {
			isa = PBXGroup;
			children = (
				38CB0356202B208C003C16AA /* MVVMUITests.swift */,
				38CB0358202B208C003C16AA /* Info.plist */,
			);
			path = MVVMUITests;
			sourceTree = "<group>";
		};
/* End PBXGroup section */

/* Begin PBXNativeTarget section */
		38CB0332202B208C003C16AA /* MVVM */ = {
			isa = PBXNativeTarget;
			buildConfigurationList = 38CB035B202B208C003C16AA /* Build configuration list for PBXNativeTarget "MVVM" */;
			buildPhases = (
				38CB032F202B208C003C16AA /* Sources */,
				38CB0330202B208C003C16AA /* Frameworks */,
				38CB0331202B208C003C16AA /* Resources */,
			);
			buildRules = (
			);
			dependencies = (
			);
			name = MVVM;
			productName = MVVM;
			productReference = 38CB0333202B208C003C16AA /* MVVM.app */;
			productType = "com.apple.product-type.application";
		};
		38CB0346202B208C003C16AA /* MVVMTests */ = {
			isa = PBXNativeTarget;
			buildConfigurationList = 38CB035E202B208C003C16AA /* Build configuration list for PBXNativeTarget "MVVMTests" */;
			buildPhases = (
				38CB0343202B208C003C16AA /* Sources */,
				38CB0344202B208C003C16AA /* Frameworks */,
				38CB0345202B208C003C16AA /* Resources */,
			);
			buildRules = (
			);
			dependencies = (
				38CB0349202B208C003C16AA /* PBXTargetDependency */,
			);
			name = MVVMTests;
			productName = MVVMTests;
			productReference = 38CB0347202B208C003C16AA /* MVVMTests.xctest */;
			productType = "com.apple.product-type.bundle.unit-test";
		};
		38CB0351202B208C003C16AA /* MVVMUITests */ = {
			isa = PBXNativeTarget;
			buildConfigurationList = 38CB0361202B208C003C16AA /* Build configuration list for PBXNativeTarget "MVVMUITests" */;
			buildPhases = (
				38CB034E202B208C003C16AA /* Sources */,
				38CB034F202B208C003C16AA /* Frameworks */,
				38CB0350202B208C003C16AA /* Resources */,
			);
			buildRules = (
			);
			dependencies = (
				38CB0354202B208C003C16AA /* PBXTargetDependency */,
			);
			name = MVVMUITests;
			productName = MVVMUITests;
			productReference = 38CB0352202B208C003C16AA /* MVVMUITests.xctest */;
			productType = "com.apple.product-type.bundle.ui-testing";
		};
/* End PBXNativeTarget section */

/* Begin PBXProject section */
		38CB032B202B208C003C16AA /* Project object */ = {
			isa = PBXProject;
			attributes = {
				LastSwiftUpdateCheck = 0920;
				LastUpgradeCheck = 0920;
				ORGANIZATIONNAME = "Kevin Largo";
				TargetAttributes = {
					38CB0332202B208C003C16AA = {
						CreatedOnToolsVersion = 9.2;
						ProvisioningStyle = Automatic;
					};
					38CB0346202B208C003C16AA = {
						CreatedOnToolsVersion = 9.2;
						ProvisioningStyle = Automatic;
						TestTargetID = 38CB0332202B208C003C16AA;
					};
					38CB0351202B208C003C16AA = {
						CreatedOnToolsVersion = 9.2;
						ProvisioningStyle = Automatic;
						TestTargetID = 38CB0332202B208C003C16AA;
					};
				};
			};
			buildConfigurationList = 38CB032E202B208C003C16AA /* Build configuration list for PBXProject "MVVM" */;
			compatibilityVersion = "Xcode 8.0";
			developmentRegion = en;
			hasScannedForEncodings = 0;
			knownRegions = (
				en,
				Base,
			);
			mainGroup = 38CB032A202B208C003C16AA;
			productRefGroup = 38CB0334202B208C003C16AA /* Products */;
			projectDirPath = "";
			projectRoot = "";
			targets = (
				38CB0332202B208C003C16AA /* MVVM */,
				38CB0346202B208C003C16AA /* MVVMTests */,
				38CB0351202B208C003C16AA /* MVVMUITests */,
			);
		};
/* End PBXProject section */

/* Begin PBXResourcesBuildPhase section */
		38CB0331202B208C003C16AA /* Resources */ = {
			isa = PBXResourcesBuildPhase;
			buildActionMask = 2147483647;
			files = (
				38CB0341202B208C003C16AA /* LaunchScreen.storyboard in Resources */,
				38CB033E202B208C003C16AA /* Assets.xcassets in Resources */,
				38CB033C202B208C003C16AA /* Main.storyboard in Resources */,
			);
			runOnlyForDeploymentPostprocessing = 0;
		};
		38CB0345202B208C003C16AA /* Resources */ = {
			isa = PBXResourcesBuildPhase;
			buildActionMask = 2147483647;
			files = (
			);
			runOnlyForDeploymentPostprocessing = 0;
		};
		38CB0350202B208C003C16AA /* Resources */ = {
			isa = PBXResourcesBuildPhase;
			buildActionMask = 2147483647;
			files = (
			);
			runOnlyForDeploymentPostprocessing = 0;
		};
/* End PBXResourcesBuildPhase section */

/* Begin PBXSourcesBuildPhase section */
		38CB032F202B208C003C16AA /* Sources */ = {
			isa = PBXSourcesBuildPhase;
			buildActionMask = 2147483647;
			files = (
				381D3B522055FE0F005B2B4C /* User.swift in Sources */,
				381D3B542055FE94005B2B4C /* RegistrationTableViewController.swift in Sources */,
				38CB0337202B208C003C16AA /* AppDelegate.swift in Sources */,
			);
			runOnlyForDeploymentPostprocessing = 0;
		};
		38CB0343202B208C003C16AA /* Sources */ = {
			isa = PBXSourcesBuildPhase;
			buildActionMask = 2147483647;
			files = (
				38CB034C202B208C003C16AA /* MVVMTests.swift in Sources */,
			);
			runOnlyForDeploymentPostprocessing = 0;
		};
		38CB034E202B208C003C16AA /* Sources */ = {
			isa = PBXSourcesBuildPhase;
			buildActionMask = 2147483647;
			files = (
				38CB0357202B208C003C16AA /* MVVMUITests.swift in Sources */,
			);
			runOnlyForDeploymentPostprocessing = 0;
		};
/* End PBXSourcesBuildPhase section */

/* Begin PBXTargetDependency section */
		38CB0349202B208C003C16AA /* PBXTargetDependency */ = {
			isa = PBXTargetDependency;
			target = 38CB0332202B208C003C16AA /* MVVM */;
			targetProxy = 38CB0348202B208C003C16AA /* PBXContainerItemProxy */;
		};
		38CB0354202B208C003C16AA /* PBXTargetDependency */ = {
			isa = PBXTargetDependency;
			target = 38CB0332202B208C003C16AA /* MVVM */;
			targetProxy = 38CB0353202B208C003C16AA /* PBXContainerItemProxy */;
		};
/* End PBXTargetDependency section */

/* Begin PBXVariantGroup section */
		38CB033A202B208C003C16AA /* Main.storyboard */ = {
			isa = PBXVariantGroup;
			children = (
				38CB033B202B208C003C16AA /* Base */,
			);
			name = Main.storyboard;
			sourceTree = "<group>";
		};
		38CB033F202B208C003C16AA /* LaunchScreen.storyboard */ = {
			isa = PBXVariantGroup;
			children = (
				38CB0340202B208C003C16AA /* Base */,
			);
			name = LaunchScreen.storyboard;
			sourceTree = "<group>";
		};
/* End PBXVariantGroup section */

/* Begin XCBuildConfiguration section */
		38CB0359202B208C003C16AA /* Debug */ = {
			isa = XCBuildConfiguration;
			buildSettings = {
				ALWAYS_SEARCH_USER_PATHS = NO;
				CLANG_ANALYZER_NONNULL = YES;
				CLANG_ANALYZER_NUMBER_OBJECT_CONVERSION = YES_AGGRESSIVE;
				CLANG_CXX_LANGUAGE_STANDARD = "gnu++14";
				CLANG_CXX_LIBRARY = "libc++";
				CLANG_ENABLE_MODULES = YES;
				CLANG_ENABLE_OBJC_ARC = YES;
				CLANG_WARN_BLOCK_CAPTURE_AUTORELEASING = YES;
				CLANG_WARN_BOOL_CONVERSION = YES;
				CLANG_WARN_COMMA = YES;
				CLANG_WARN_CONSTANT_CONVERSION = YES;
				CLANG_WARN_DIRECT_OBJC_ISA_USAGE = YES_ERROR;
				CLANG_WARN_DOCUMENTATION_COMMENTS = YES;
				CLANG_WARN_EMPTY_BODY = YES;
				CLANG_WARN_ENUM_CONVERSION = YES;
				CLANG_WARN_INFINITE_RECURSION = YES;
				CLANG_WARN_INT_CONVERSION = YES;
				CLANG_WARN_NON_LITERAL_NULL_CONVERSION = YES;
				CLANG_WARN_OBJC_LITERAL_CONVERSION = YES;
				CLANG_WARN_OBJC_ROOT_CLASS = YES_ERROR;
				CLANG_WARN_RANGE_LOOP_ANALYSIS = YES;
				CLANG_WARN_STRICT_PROTOTYPES = YES;
				CLANG_WARN_SUSPICIOUS_MOVE = YES;
				CLANG_WARN_UNGUARDED_AVAILABILITY = YES_AGGRESSIVE;
				CLANG_WARN_UNREACHABLE_CODE = YES;
				CLANG_WARN__DUPLICATE_METHOD_MATCH = YES;
				CODE_SIGN_IDENTITY = "iPhone Developer";
				COPY_PHASE_STRIP = NO;
				DEBUG_INFORMATION_FORMAT = dwarf;
				ENABLE_STRICT_OBJC_MSGSEND = YES;
				ENABLE_TESTABILITY = YES;
				GCC_C_LANGUAGE_STANDARD = gnu11;
				GCC_DYNAMIC_NO_PIC = NO;
				GCC_NO_COMMON_BLOCKS = YES;
				GCC_OPTIMIZATION_LEVEL = 0;
				GCC_PREPROCESSOR_DEFINITIONS = (
					"DEBUG=1",
					"$(inherited)",
				);
				GCC_WARN_64_TO_32_BIT_CONVERSION = YES;
				GCC_WARN_ABOUT_RETURN_TYPE = YES_ERROR;
				GCC_WARN_UNDECLARED_SELECTOR = YES;
				GCC_WARN_UNINITIALIZED_AUTOS = YES_AGGRESSIVE;
				GCC_WARN_UNUSED_FUNCTION = YES;
				GCC_WARN_UNUSED_VARIABLE = YES;
				IPHONEOS_DEPLOYMENT_TARGET = 11.2;
				MTL_ENABLE_DEBUG_INFO = YES;
				ONLY_ACTIVE_ARCH = YES;
				SDKROOT = iphoneos;
				SWIFT_ACTIVE_COMPILATION_CONDITIONS = DEBUG;
				SWIFT_OPTIMIZATION_LEVEL = "-Onone";
			};
			name = Debug;
		};
		38CB035A202B208C003C16AA /* Release */ = {
			isa = XCBuildConfiguration;
			buildSettings = {
				ALWAYS_SEARCH_USER_PATHS = NO;
				CLANG_ANALYZER_NONNULL = YES;
				CLANG_ANALYZER_NUMBER_OBJECT_CONVERSION = YES_AGGRESSIVE;
				CLANG_CXX_LANGUAGE_STANDARD = "gnu++14";
				CLANG_CXX_LIBRARY = "libc++";
				CLANG_ENABLE_MODULES = YES;
				CLANG_ENABLE_OBJC_ARC = YES;
				CLANG_WARN_BLOCK_CAPTURE_AUTORELEASING = YES;
				CLANG_WARN_BOOL_CONVERSION = YES;
				CLANG_WARN_COMMA = YES;
				CLANG_WARN_CONSTANT_CONVERSION = YES;
				CLANG_WARN_DIRECT_OBJC_ISA_USAGE = YES_ERROR;
				CLANG_WARN_DOCUMENTATION_COMMENTS = YES;
				CLANG_WARN_EMPTY_BODY = YES;
				CLANG_WARN_ENUM_CONVERSION = YES;
				CLANG_WARN_INFINITE_RECURSION = YES;
				CLANG_WARN_INT_CONVERSION = YES;
				CLANG_WARN_NON_LITERAL_NULL_CONVERSION = YES;
				CLANG_WARN_OBJC_LITERAL_CONVERSION = YES;
				CLANG_WARN_OBJC_ROOT_CLASS = YES_ERROR;
				CLANG_WARN_RANGE_LOOP_ANALYSIS = YES;
				CLANG_WARN_STRICT_PROTOTYPES = YES;
				CLANG_WARN_SUSPICIOUS_MOVE = YES;
				CLANG_WARN_UNGUARDED_AVAILABILITY = YES_AGGRESSIVE;
				CLANG_WARN_UNREACHABLE_CODE = YES;
				CLANG_WARN__DUPLICATE_METHOD_MATCH = YES;
				CODE_SIGN_IDENTITY = "iPhone Developer";
				COPY_PHASE_STRIP = NO;
				DEBUG_INFORMATION_FORMAT = "dwarf-with-dsym";
				ENABLE_NS_ASSERTIONS = NO;
				ENABLE_STRICT_OBJC_MSGSEND = YES;
				GCC_C_LANGUAGE_STANDARD = gnu11;
				GCC_NO_COMMON_BLOCKS = YES;
				GCC_WARN_64_TO_32_BIT_CONVERSION = YES;
				GCC_WARN_ABOUT_RETURN_TYPE = YES_ERROR;
				GCC_WARN_UNDECLARED_SELECTOR = YES;
				GCC_WARN_UNINITIALIZED_AUTOS = YES_AGGRESSIVE;
				GCC_WARN_UNUSED_FUNCTION = YES;
				GCC_WARN_UNUSED_VARIABLE = YES;
				IPHONEOS_DEPLOYMENT_TARGET = 11.2;
				MTL_ENABLE_DEBUG_INFO = NO;
				SDKROOT = iphoneos;
				SWIFT_OPTIMIZATION_LEVEL = "-Owholemodule";
				VALIDATE_PRODUCT = YES;
			};
			name = Release;
		};
		38CB035C202B208C003C16AA /* Debug */ = {
			isa = XCBuildConfiguration;
			buildSettings = {
				ASSETCATALOG_COMPILER_APPICON_NAME = AppIcon;
				CODE_SIGN_STYLE = Automatic;
				DEVELOPMENT_TEAM = 4NGAU6Y3VC;
				INFOPLIST_FILE = MVVM/Info.plist;
				LD_RUNPATH_SEARCH_PATHS = "$(inherited) @executable_path/Frameworks";
				PRODUCT_BUNDLE_IDENTIFIER = com.krlargo.MVVM;
				PRODUCT_NAME = "$(TARGET_NAME)";
				SWIFT_VERSION = 4.0;
				TARGETED_DEVICE_FAMILY = "1,2";
			};
			name = Debug;
		};
		38CB035D202B208C003C16AA /* Release */ = {
			isa = XCBuildConfiguration;
			buildSettings = {
				ASSETCATALOG_COMPILER_APPICON_NAME = AppIcon;
				CODE_SIGN_STYLE = Automatic;
				DEVELOPMENT_TEAM = 4NGAU6Y3VC;
				INFOPLIST_FILE = MVVM/Info.plist;
				LD_RUNPATH_SEARCH_PATHS = "$(inherited) @executable_path/Frameworks";
				PRODUCT_BUNDLE_IDENTIFIER = com.krlargo.MVVM;
				PRODUCT_NAME = "$(TARGET_NAME)";
				SWIFT_VERSION = 4.0;
				TARGETED_DEVICE_FAMILY = "1,2";
			};
			name = Release;
		};
		38CB035F202B208C003C16AA /* Debug */ = {
			isa = XCBuildConfiguration;
			buildSettings = {
				ALWAYS_EMBED_SWIFT_STANDARD_LIBRARIES = YES;
				BUNDLE_LOADER = "$(TEST_HOST)";
				CODE_SIGN_STYLE = Automatic;
				DEVELOPMENT_TEAM = 4NGAU6Y3VC;
				INFOPLIST_FILE = MVVMTests/Info.plist;
				LD_RUNPATH_SEARCH_PATHS = "$(inherited) @executable_path/Frameworks @loader_path/Frameworks";
				PRODUCT_BUNDLE_IDENTIFIER = com.krlargo.MVVMTests;
				PRODUCT_NAME = "$(TARGET_NAME)";
				SWIFT_VERSION = 4.0;
				TARGETED_DEVICE_FAMILY = "1,2";
				TEST_HOST = "$(BUILT_PRODUCTS_DIR)/MVVM.app/MVVM";
			};
			name = Debug;
		};
		38CB0360202B208C003C16AA /* Release */ = {
			isa = XCBuildConfiguration;
			buildSettings = {
				ALWAYS_EMBED_SWIFT_STANDARD_LIBRARIES = YES;
				BUNDLE_LOADER = "$(TEST_HOST)";
				CODE_SIGN_STYLE = Automatic;
				DEVELOPMENT_TEAM = 4NGAU6Y3VC;
				INFOPLIST_FILE = MVVMTests/Info.plist;
				LD_RUNPATH_SEARCH_PATHS = "$(inherited) @executable_path/Frameworks @loader_path/Frameworks";
				PRODUCT_BUNDLE_IDENTIFIER = com.krlargo.MVVMTests;
				PRODUCT_NAME = "$(TARGET_NAME)";
				SWIFT_VERSION = 4.0;
				TARGETED_DEVICE_FAMILY = "1,2";
				TEST_HOST = "$(BUILT_PRODUCTS_DIR)/MVVM.app/MVVM";
			};
			name = Release;
		};
		38CB0362202B208C003C16AA /* Debug */ = {
			isa = XCBuildConfiguration;
			buildSettings = {
				ALWAYS_EMBED_SWIFT_STANDARD_LIBRARIES = YES;
				CODE_SIGN_STYLE = Automatic;
				DEVELOPMENT_TEAM = 4NGAU6Y3VC;
				INFOPLIST_FILE = MVVMUITests/Info.plist;
				LD_RUNPATH_SEARCH_PATHS = "$(inherited) @executable_path/Frameworks @loader_path/Frameworks";
				PRODUCT_BUNDLE_IDENTIFIER = com.krlargo.MVVMUITests;
				PRODUCT_NAME = "$(TARGET_NAME)";
				SWIFT_VERSION = 4.0;
				TARGETED_DEVICE_FAMILY = "1,2";
				TEST_TARGET_NAME = MVVM;
			};
			name = Debug;
		};
		38CB0363202B208C003C16AA /* Release */ = {
			isa = XCBuildConfiguration;
			buildSettings = {
				ALWAYS_EMBED_SWIFT_STANDARD_LIBRARIES = YES;
				CODE_SIGN_STYLE = Automatic;
				DEVELOPMENT_TEAM = 4NGAU6Y3VC;
				INFOPLIST_FILE = MVVMUITests/Info.plist;
				LD_RUNPATH_SEARCH_PATHS = "$(inherited) @executable_path/Frameworks @loader_path/Frameworks";
				PRODUCT_BUNDLE_IDENTIFIER = com.krlargo.MVVMUITests;
				PRODUCT_NAME = "$(TARGET_NAME)";
				SWIFT_VERSION = 4.0;
				TARGETED_DEVICE_FAMILY = "1,2";
				TEST_TARGET_NAME = MVVM;
			};
			name = Release;
		};
/* End XCBuildConfiguration section */

/* Begin XCConfigurationList section */
		38CB032E202B208C003C16AA /* Build configuration list for PBXProject "MVVM" */ = {
			isa = XCConfigurationList;
			buildConfigurations = (
				38CB0359202B208C003C16AA /* Debug */,
				38CB035A202B208C003C16AA /* Release */,
			);
			defaultConfigurationIsVisible = 0;
			defaultConfigurationName = Release;
		};
		38CB035B202B208C003C16AA /* Build configuration list for PBXNativeTarget "MVVM" */ = {
			isa = XCConfigurationList;
			buildConfigurations = (
				38CB035C202B208C003C16AA /* Debug */,
				38CB035D202B208C003C16AA /* Release */,
			);
			defaultConfigurationIsVisible = 0;
			defaultConfigurationName = Release;
		};
		38CB035E202B208C003C16AA /* Build configuration list for PBXNativeTarget "MVVMTests" */ = {
			isa = XCConfigurationList;
			buildConfigurations = (
				38CB035F202B208C003C16AA /* Debug */,
				38CB0360202B208C003C16AA /* Release */,
			);
			defaultConfigurationIsVisible = 0;
			defaultConfigurationName = Release;
		};
		38CB0361202B208C003C16AA /* Build configuration list for PBXNativeTarget "MVVMUITests" */ = {
			isa = XCConfigurationList;
			buildConfigurations = (
				38CB0362202B208C003C16AA /* Debug */,
				38CB0363202B208C003C16AA /* Release */,
			);
			defaultConfigurationIsVisible = 0;
			defaultConfigurationName = Release;
		};
/* End XCConfigurationList section */
	};
	rootObject = 38CB032B202B208C003C16AA /* Project object */;
}
